
Microsoft Visual Studio Solution File, Format Version 12.00
# Visual Studio Version 17
VisualStudioVersion = 17.4.33213.308
MinimumVisualStudioVersion = 10.0.40219.1
Project("{FAE04EC0-301F-11D3-BF4B-00C04F79EFBC}") = "RoutingExample", "RoutingExample\RoutingExample.csproj", "{00933CCB-59C7-4934-8FD3-830E3CF81D4E}"
EndProject
Global
	GlobalSection(SolutionConfigurationPlatforms) = preSolution
		Debug|Any CPU = Debug|Any CPU
		Release|Any CPU = Release|Any CPU
	EndGlobalSection
	GlobalSection(ProjectConfigurationPlatforms) = postSolution
		{00933CCB-59C7-4934-8FD3-830E3CF81D4E}.Debug|Any CPU.ActiveCfg = Debug|Any CPU
		{00933CCB-59C7-4934-8FD3-830E3CF81D4E}.Debug|Any CPU.Build.0 = Debug|Any CPU
		{00933CCB-59C7-4934-8FD3-830E3CF81D4E}.Release|Any CPU.ActiveCfg = Release|Any CPU
		{00933CCB-59C7-4934-8FD3-830E3CF81D4E}.Release|Any CPU.Build.0 = Release|Any CPU
	EndGlobalSection
	GlobalSection(SolutionProperties) = preSolution
		HideSolutionNode = FALSE
	EndGlobalSection
	GlobalSection(ExtensibilityGlobals) = postSolution
		SolutionGuid = {A0515D0F-E167-4949-8E4A-4284844AA8C3}
	EndGlobalSection
EndGlobal
