
Microsoft Visual Studio Solution File, Format Version 12.00
# Visual Studio Version 17
VisualStudioVersion = 17.5.33502.453
MinimumVisualStudioVersion = 10.0.40219.1
Project("{FAE04EC0-301F-11D3-BF4B-00C04F79EFBC}") = "StocksApp", "StocksApp\StocksApp.csproj", "{86ECAA8F-D53B-40EA-9D95-9E5C2E1AAD10}"
EndProject
Global
	GlobalSection(SolutionConfigurationPlatforms) = preSolution
		Debug|Any CPU = Debug|Any CPU
		Release|Any CPU = Release|Any CPU
	EndGlobalSection
	GlobalSection(ProjectConfigurationPlatforms) = postSolution
		{86ECAA8F-D53B-40EA-9D95-9E5C2E1AAD10}.Debug|Any CPU.ActiveCfg = Debug|Any CPU
		{86ECAA8F-D53B-40EA-9D95-9E5C2E1AAD10}.Debug|Any CPU.Build.0 = Debug|Any CPU
		{86ECAA8F-D53B-40EA-9D95-9E5C2E1AAD10}.Release|Any CPU.ActiveCfg = Release|Any CPU
		{86ECAA8F-D53B-40EA-9D95-9E5C2E1AAD10}.Release|Any CPU.Build.0 = Release|Any CPU
	EndGlobalSection
	GlobalSection(SolutionProperties) = preSolution
		HideSolutionNode = FALSE
	EndGlobalSection
	GlobalSection(ExtensibilityGlobals) = postSolution
		SolutionGuid = {5AA44B67-8347-4F6F-9A07-366D6873FB2E}
	EndGlobalSection
EndGlobal
